
Microsoft Visual Studio Solution File, Format Version 12.00
# Visual Studio Version 16
VisualStudioVersion = 16.0.30011.22
MinimumVisualStudioVersion = 10.0.40219.1
Project("{FAE04EC0-301F-11D3-BF4B-00C04F79EFBC}") = "TaskListManager", "TaskListManager\TaskListManager.csproj", "{FD77F919-E7E5-42AC-A5A1-D1553CD2AD60}"
EndProject
Global
	GlobalSection(SolutionConfigurationPlatforms) = preSolution
		Debug|Any CPU = Debug|Any CPU
		Release|Any CPU = Release|Any CPU
	EndGlobalSection
	GlobalSection(ProjectConfigurationPlatforms) = postSolution
		{FD77F919-E7E5-42AC-A5A1-D1553CD2AD60}.Debug|Any CPU.ActiveCfg = Debug|Any CPU
		{FD77F919-E7E5-42AC-A5A1-D1553CD2AD60}.Debug|Any CPU.Build.0 = Debug|Any CPU
		{FD77F919-E7E5-42AC-A5A1-D1553CD2AD60}.Release|Any CPU.ActiveCfg = Release|Any CPU
		{FD77F919-E7E5-42AC-A5A1-D1553CD2AD60}.Release|Any CPU.Build.0 = Release|Any CPU
	EndGlobalSection
	GlobalSection(SolutionProperties) = preSolution
		HideSolutionNode = FALSE
	EndGlobalSection
	GlobalSection(ExtensibilityGlobals) = postSolution
		SolutionGuid = {5763C524-57E5-4654-BE60-D17CCA3E8FEA}
	EndGlobalSection
EndGlobal
